
Microsoft Visual Studio Solution File, Format Version 12.00
# Visual Studio Version 16
VisualStudioVersion = 16.0.31129.286
MinimumVisualStudioVersion = 10.0.40219.1
Project("{FAE04EC0-301F-11D3-BF4B-00C04F79EFBC}") = "CrossInterfaceRokuDeviceDiscovery", "CrossInterfaceRokuDeviceDiscovery.csproj", "{99D1748C-5ECA-4036-94D6-8691ECD9607E}"
EndProject
Global
	GlobalSection(SolutionConfigurationPlatforms) = preSolution
		Debug|Any CPU = Debug|Any CPU
		Release|Any CPU = Release|Any CPU
	EndGlobalSection
	GlobalSection(ProjectConfigurationPlatforms) = postSolution
		{99D1748C-5ECA-4036-94D6-8691ECD9607E}.Debug|Any CPU.ActiveCfg = Debug|Any CPU
		{99D1748C-5ECA-4036-94D6-8691ECD9607E}.Debug|Any CPU.Build.0 = Debug|Any CPU
		{99D1748C-5ECA-4036-94D6-8691ECD9607E}.Release|Any CPU.ActiveCfg = Release|Any CPU
		{99D1748C-5ECA-4036-94D6-8691ECD9607E}.Release|Any CPU.Build.0 = Release|Any CPU
	EndGlobalSection
	GlobalSection(SolutionProperties) = preSolution
		HideSolutionNode = FALSE
	EndGlobalSection
	GlobalSection(ExtensibilityGlobals) = postSolution
		SolutionGuid = {60867A09-6DC6-4BB9-9723-252C92EA22FB}
	EndGlobalSection
EndGlobal
